// !$*UTF8*$!
{
	archiveVersion = 1;
	classes = {
	};
	objectVersion = 46;
	objects = {

/* Begin PBXBuildFile section */
		334FE11B1BC9BED700763C77 /* HomeView.m in Sources */ = {isa = PBXBuildFile; fileRef = 334FE11A1BC9BED700763C77 /* HomeView.m */; };
		334FE11E1BC9C06500763C77 /* Videos.m in Sources */ = {isa = PBXBuildFile; fileRef = 334FE11D1BC9C06500763C77 /* Videos.m */; };
		335361531BC9B16000027204 /* main.m in Sources */ = {isa = PBXBuildFile; fileRef = 335361521BC9B16000027204 /* main.m */; };
		335361561BC9B16000027204 /* AppDelegate.m in Sources */ = {isa = PBXBuildFile; fileRef = 335361551BC9B16000027204 /* AppDelegate.m */; };
		3353615C1BC9B16000027204 /* Main.storyboard in Resources */ = {isa = PBXBuildFile; fileRef = 3353615A1BC9B16000027204 /* Main.storyboard */; };
		3353615E1BC9B16000027204 /* Assets.xcassets in Resources */ = {isa = PBXBuildFile; fileRef = 3353615D1BC9B16000027204 /* Assets.xcassets */; };
		335361691BC9B16100027204 /* TubeClientTests.m in Sources */ = {isa = PBXBuildFile; fileRef = 335361681BC9B16100027204 /* TubeClientTests.m */; };
/* End PBXBuildFile section */

/* Begin PBXContainerItemProxy section */
		335361651BC9B16100027204 /* PBXContainerItemProxy */ = {
			isa = PBXContainerItemProxy;
			containerPortal = 335361461BC9B16000027204 /* Project object */;
			proxyType = 1;
			remoteGlobalIDString = 3353614D1BC9B16000027204;
			remoteInfo = TubeClient;
		};
/* End PBXContainerItemProxy section */

/* Begin PBXFileReference section */
		334FE1191BC9BED700763C77 /* HomeView.h */ = {isa = PBXFileReference; fileEncoding = 4; lastKnownFileType = sourcecode.c.h; path = HomeView.h; sourceTree = "<group>"; };
		334FE11A1BC9BED700763C77 /* HomeView.m */ = {isa = PBXFileReference; fileEncoding = 4; lastKnownFileType = sourcecode.c.objc; path = HomeView.m; sourceTree = "<group>"; };
		334FE11C1BC9C06500763C77 /* Videos.h */ = {isa = PBXFileReference; fileEncoding = 4; lastKnownFileType = sourcecode.c.h; path = Videos.h; sourceTree = "<group>"; };
		334FE11D1BC9C06500763C77 /* Videos.m */ = {isa = PBXFileReference; fileEncoding = 4; lastKnownFileType = sourcecode.c.objc; path = Videos.m; sourceTree = "<group>"; };
		3353614E1BC9B16000027204 /* TubeClient.app */ = {isa = PBXFileReference; explicitFileType = wrapper.application; includeInIndex = 0; path = TubeClient.app; sourceTree = BUILT_PRODUCTS_DIR; };
		335361521BC9B16000027204 /* main.m */ = {isa = PBXFileReference; lastKnownFileType = sourcecode.c.objc; path = main.m; sourceTree = "<group>"; };
		335361541BC9B16000027204 /* AppDelegate.h */ = {isa = PBXFileReference; lastKnownFileType = sourcecode.c.h; path = AppDelegate.h; sourceTree = "<group>"; };
		335361551BC9B16000027204 /* AppDelegate.m */ = {isa = PBXFileReference; lastKnownFileType = sourcecode.c.objc; path = AppDelegate.m; sourceTree = "<group>"; };
		3353615B1BC9B16000027204 /* Base */ = {isa = PBXFileReference; lastKnownFileType = file.storyboard; name = Base; path = Base.lproj/Main.storyboard; sourceTree = "<group>"; };
		3353615D1BC9B16000027204 /* Assets.xcassets */ = {isa = PBXFileReference; lastKnownFileType = folder.assetcatalog; path = Assets.xcassets; sourceTree = "<group>"; };
		3353615F1BC9B16000027204 /* Info.plist */ = {isa = PBXFileReference; lastKnownFileType = text.plist.xml; path = Info.plist; sourceTree = "<group>"; };
		335361641BC9B16100027204 /* TubeClientTests.xctest */ = {isa = PBXFileReference; explicitFileType = wrapper.cfbundle; includeInIndex = 0; path = TubeClientTests.xctest; sourceTree = BUILT_PRODUCTS_DIR; };
		335361681BC9B16100027204 /* TubeClientTests.m */ = {isa = PBXFileReference; lastKnownFileType = sourcecode.c.objc; path = TubeClientTests.m; sourceTree = "<group>"; };
		3353616A1BC9B16100027204 /* Info.plist */ = {isa = PBXFileReference; lastKnownFileType = text.plist.xml; path = Info.plist; sourceTree = "<group>"; };
/* End PBXFileReference section */

/* Begin PBXFrameworksBuildPhase section */
		3353614B1BC9B16000027204 /* Frameworks */ = {
			isa = PBXFrameworksBuildPhase;
			buildActionMask = 2147483647;
			files = (
			);
			runOnlyForDeploymentPostprocessing = 0;
		};
		335361611BC9B16100027204 /* Frameworks */ = {
			isa = PBXFrameworksBuildPhase;
			buildActionMask = 2147483647;
			files = (
			);
			runOnlyForDeploymentPostprocessing = 0;
		};
/* End PBXFrameworksBuildPhase section */

/* Begin PBXGroup section */
		335361451BC9B16000027204 = {
			isa = PBXGroup;
			children = (
				335361501BC9B16000027204 /* TubeClient */,
				335361671BC9B16100027204 /* TubeClientTests */,
				3353614F1BC9B16000027204 /* Products */,
			);
			sourceTree = "<group>";
		};
		3353614F1BC9B16000027204 /* Products */ = {
			isa = PBXGroup;
			children = (
				3353614E1BC9B16000027204 /* TubeClient.app */,
				335361641BC9B16100027204 /* TubeClientTests.xctest */,
			);
			name = Products;
			sourceTree = "<group>";
		};
		335361501BC9B16000027204 /* TubeClient */ = {
			isa = PBXGroup;
			children = (
				335361541BC9B16000027204 /* AppDelegate.h */,
				335361551BC9B16000027204 /* AppDelegate.m */,
				3353615A1BC9B16000027204 /* Main.storyboard */,
				3353615D1BC9B16000027204 /* Assets.xcassets */,
				3353615F1BC9B16000027204 /* Info.plist */,
				335361511BC9B16000027204 /* Supporting Files */,
				334FE1191BC9BED700763C77 /* HomeView.h */,
				334FE11A1BC9BED700763C77 /* HomeView.m */,
				334FE11C1BC9C06500763C77 /* Videos.h */,
				334FE11D1BC9C06500763C77 /* Videos.m */,
			);
			path = TubeClient;
			sourceTree = "<group>";
		};
		335361511BC9B16000027204 /* Supporting Files */ = {
			isa = PBXGroup;
			children = (
				335361521BC9B16000027204 /* main.m */,
			);
			name = "Supporting Files";
			sourceTree = "<group>";
		};
		335361671BC9B16100027204 /* TubeClientTests */ = {
			isa = PBXGroup;
			children = (
				335361681BC9B16100027204 /* TubeClientTests.m */,
				3353616A1BC9B16100027204 /* Info.plist */,
			);
			path = TubeClientTests;
			sourceTree = "<group>";
		};
/* End PBXGroup section */

/* Begin PBXNativeTarget section */
		3353614D1BC9B16000027204 /* TubeClient */ = {
			isa = PBXNativeTarget;
			buildConfigurationList = 3353616D1BC9B16100027204 /* Build configuration list for PBXNativeTarget "TubeClient" */;
			buildPhases = (
				3353614A1BC9B16000027204 /* Sources */,
				3353614B1BC9B16000027204 /* Frameworks */,
				3353614C1BC9B16000027204 /* Resources */,
			);
			buildRules = (
			);
			dependencies = (
			);
			name = TubeClient;
			productName = TubeClient;
			productReference = 3353614E1BC9B16000027204 /* TubeClient.app */;
			productType = "com.apple.product-type.application";
		};
		335361631BC9B16100027204 /* TubeClientTests */ = {
			isa = PBXNativeTarget;
			buildConfigurationList = 335361701BC9B16100027204 /* Build configuration list for PBXNativeTarget "TubeClientTests" */;
			buildPhases = (
				335361601BC9B16100027204 /* Sources */,
				335361611BC9B16100027204 /* Frameworks */,
				335361621BC9B16100027204 /* Resources */,
			);
			buildRules = (
			);
			dependencies = (
				335361661BC9B16100027204 /* PBXTargetDependency */,
			);
			name = TubeClientTests;
			productName = TubeClientTests;
			productReference = 335361641BC9B16100027204 /* TubeClientTests.xctest */;
			productType = "com.apple.product-type.bundle.unit-test";
		};
/* End PBXNativeTarget section */

/* Begin PBXProject section */
		335361461BC9B16000027204 /* Project object */ = {
			isa = PBXProject;
			attributes = {
				LastUpgradeCheck = 0710;
				ORGANIZATIONNAME = DDE;
				TargetAttributes = {
					3353614D1BC9B16000027204 = {
						CreatedOnToolsVersion = 7.1;
					};
					335361631BC9B16100027204 = {
						CreatedOnToolsVersion = 7.1;
						TestTargetID = 3353614D1BC9B16000027204;
					};
				};
			};
			buildConfigurationList = 335361491BC9B16000027204 /* Build configuration list for PBXProject "TubeClient" */;
			compatibilityVersion = "Xcode 3.2";
			developmentRegion = English;
			hasScannedForEncodings = 0;
			knownRegions = (
				en,
				Base,
			);
			mainGroup = 335361451BC9B16000027204;
			productRefGroup = 3353614F1BC9B16000027204 /* Products */;
			projectDirPath = "";
			projectRoot = "";
			targets = (
				3353614D1BC9B16000027204 /* TubeClient */,
				335361631BC9B16100027204 /* TubeClientTests */,
			);
		};
/* End PBXProject section */

/* Begin PBXResourcesBuildPhase section */
		3353614C1BC9B16000027204 /* Resources */ = {
			isa = PBXResourcesBuildPhase;
			buildActionMask = 2147483647;
			files = (
				3353615E1BC9B16000027204 /* Assets.xcassets in Resources */,
				3353615C1BC9B16000027204 /* Main.storyboard in Resources */,
			);
			runOnlyForDeploymentPostprocessing = 0;
		};
		335361621BC9B16100027204 /* Resources */ = {
			isa = PBXResourcesBuildPhase;
			buildActionMask = 2147483647;
			files = (
			);
			runOnlyForDeploymentPostprocessing = 0;
		};
/* End PBXResourcesBuildPhase section */

/* Begin PBXSourcesBuildPhase section */
		3353614A1BC9B16000027204 /* Sources */ = {
			isa = PBXSourcesBuildPhase;
			buildActionMask = 2147483647;
			files = (
				334FE11B1BC9BED700763C77 /* HomeView.m in Sources */,
				334FE11E1BC9C06500763C77 /* Videos.m in Sources */,
				335361561BC9B16000027204 /* AppDelegate.m in Sources */,
				335361531BC9B16000027204 /* main.m in Sources */,
			);
			runOnlyForDeploymentPostprocessing = 0;
		};
		335361601BC9B16100027204 /* Sources */ = {
			isa = PBXSourcesBuildPhase;
			buildActionMask = 2147483647;
			files = (
				335361691BC9B16100027204 /* TubeClientTests.m in Sources */,
			);
			runOnlyForDeploymentPostprocessing = 0;
		};
/* End PBXSourcesBuildPhase section */

/* Begin PBXTargetDependency section */
		335361661BC9B16100027204 /* PBXTargetDependency */ = {
			isa = PBXTargetDependency;
			target = 3353614D1BC9B16000027204 /* TubeClient */;
			targetProxy = 335361651BC9B16100027204 /* PBXContainerItemProxy */;
		};
/* End PBXTargetDependency section */

/* Begin PBXVariantGroup section */
		3353615A1BC9B16000027204 /* Main.storyboard */ = {
			isa = PBXVariantGroup;
			children = (
				3353615B1BC9B16000027204 /* Base */,
			);
			name = Main.storyboard;
			sourceTree = "<group>";
		};
/* End PBXVariantGroup section */

/* Begin XCBuildConfiguration section */
		3353616B1BC9B16100027204 /* Debug */ = {
			isa = XCBuildConfiguration;
			buildSettings = {
				ALWAYS_SEARCH_USER_PATHS = NO;
				CLANG_CXX_LANGUAGE_STANDARD = "gnu++0x";
				CLANG_CXX_LIBRARY = "libc++";
				CLANG_ENABLE_MODULES = YES;
				CLANG_ENABLE_OBJC_ARC = YES;
				CLANG_WARN_BOOL_CONVERSION = YES;
				CLANG_WARN_CONSTANT_CONVERSION = YES;
				CLANG_WARN_DIRECT_OBJC_ISA_USAGE = YES_ERROR;
				CLANG_WARN_EMPTY_BODY = YES;
				CLANG_WARN_ENUM_CONVERSION = YES;
				CLANG_WARN_INT_CONVERSION = YES;
				CLANG_WARN_OBJC_ROOT_CLASS = YES_ERROR;
				CLANG_WARN_UNREACHABLE_CODE = YES;
				CLANG_WARN__DUPLICATE_METHOD_MATCH = YES;
				COPY_PHASE_STRIP = NO;
				DEBUG_INFORMATION_FORMAT = dwarf;
				ENABLE_STRICT_OBJC_MSGSEND = YES;
				ENABLE_TESTABILITY = YES;
				GCC_C_LANGUAGE_STANDARD = gnu99;
				GCC_DYNAMIC_NO_PIC = NO;
				GCC_NO_COMMON_BLOCKS = YES;
				GCC_OPTIMIZATION_LEVEL = 0;
				GCC_PREPROCESSOR_DEFINITIONS = (
					"DEBUG=1",
					"$(inherited)",
				);
				GCC_WARN_64_TO_32_BIT_CONVERSION = YES;
				GCC_WARN_ABOUT_RETURN_TYPE = YES_ERROR;
				GCC_WARN_UNDECLARED_SELECTOR = YES;
				GCC_WARN_UNINITIALIZED_AUTOS = YES_AGGRESSIVE;
				GCC_WARN_UNUSED_FUNCTION = YES;
				GCC_WARN_UNUSED_VARIABLE = YES;
				MTL_ENABLE_DEBUG_INFO = YES;
				ONLY_ACTIVE_ARCH = YES;
				SDKROOT = appletvos;
				TARGETED_DEVICE_FAMILY = 3;
				TVOS_DEPLOYMENT_TARGET = 9.0;
			};
			name = Debug;
		};
		3353616C1BC9B16100027204 /* Release */ = {
			isa = XCBuildConfiguration;
			buildSettings = {
				ALWAYS_SEARCH_USER_PATHS = NO;
				CLANG_CXX_LANGUAGE_STANDARD = "gnu++0x";
				CLANG_CXX_LIBRARY = "libc++";
				CLANG_ENABLE_MODULES = YES;
				CLANG_ENABLE_OBJC_ARC = YES;
				CLANG_WARN_BOOL_CONVERSION = YES;
				CLANG_WARN_CONSTANT_CONVERSION = YES;
				CLANG_WARN_DIRECT_OBJC_ISA_USAGE = YES_ERROR;
				CLANG_WARN_EMPTY_BODY = YES;
				CLANG_WARN_ENUM_CONVERSION = YES;
				CLANG_WARN_INT_CONVERSION = YES;
				CLANG_WARN_OBJC_ROOT_CLASS = YES_ERROR;
				CLANG_WARN_UNREACHABLE_CODE = YES;
				CLANG_WARN__DUPLICATE_METHOD_MATCH = YES;
				COPY_PHASE_STRIP = NO;
				DEBUG_INFORMATION_FORMAT = "dwarf-with-dsym";
				ENABLE_NS_ASSERTIONS = NO;
				ENABLE_STRICT_OBJC_MSGSEND = YES;
				GCC_C_LANGUAGE_STANDARD = gnu99;
				GCC_NO_COMMON_BLOCKS = YES;
				GCC_WARN_64_TO_32_BIT_CONVERSION = YES;
				GCC_WARN_ABOUT_RETURN_TYPE = YES_ERROR;
				GCC_WARN_UNDECLARED_SELECTOR = YES;
				GCC_WARN_UNINITIALIZED_AUTOS = YES_AGGRESSIVE;
				GCC_WARN_UNUSED_FUNCTION = YES;
				GCC_WARN_UNUSED_VARIABLE = YES;
				MTL_ENABLE_DEBUG_INFO = NO;
				SDKROOT = appletvos;
				TARGETED_DEVICE_FAMILY = 3;
				TVOS_DEPLOYMENT_TARGET = 9.0;
				VALIDATE_PRODUCT = YES;
			};
			name = Release;
		};
		3353616E1BC9B16100027204 /* Debug */ = {
			isa = XCBuildConfiguration;
			buildSettings = {
				ASSETCATALOG_COMPILER_APPICON_NAME = "App Icon & Top Shelf Image";
				ASSETCATALOG_COMPILER_LAUNCHIMAGE_NAME = LaunchImage;
				CODE_SIGN_IDENTITY = "iPhone Developer";
				INFOPLIST_FILE = TubeClient/Info.plist;
				LD_RUNPATH_SEARCH_PATHS = "$(inherited) @executable_path/Frameworks";
				PRODUCT_BUNDLE_IDENTIFIER = com.ddesna.TubeClient;
				PRODUCT_NAME = "$(TARGET_NAME)";
			};
			name = Debug;
		};
		3353616F1BC9B16100027204 /* Release */ = {
			isa = XCBuildConfiguration;
			buildSettings = {
				ASSETCATALOG_COMPILER_APPICON_NAME = "App Icon & Top Shelf Image";
				ASSETCATALOG_COMPILER_LAUNCHIMAGE_NAME = LaunchImage;
				CODE_SIGN_IDENTITY = "iPhone Developer";
				INFOPLIST_FILE = TubeClient/Info.plist;
				LD_RUNPATH_SEARCH_PATHS = "$(inherited) @executable_path/Frameworks";
				PRODUCT_BUNDLE_IDENTIFIER = com.ddesna.TubeClient;
				PRODUCT_NAME = "$(TARGET_NAME)";
			};
			name = Release;
		};
		335361711BC9B16100027204 /* Debug */ = {
			isa = XCBuildConfiguration;
			buildSettings = {
				BUNDLE_LOADER = "$(TEST_HOST)";
				INFOPLIST_FILE = TubeClientTests/Info.plist;
				LD_RUNPATH_SEARCH_PATHS = "$(inherited) @executable_path/Frameworks @loader_path/Frameworks";
				PRODUCT_BUNDLE_IDENTIFIER = com.ddesna.TubeClientTests;
				PRODUCT_NAME = "$(TARGET_NAME)";
				TEST_HOST = "$(BUILT_PRODUCTS_DIR)/TubeClient.app/TubeClient";
			};
			name = Debug;
		};
		335361721BC9B16100027204 /* Release */ = {
			isa = XCBuildConfiguration;
			buildSettings = {
				BUNDLE_LOADER = "$(TEST_HOST)";
				INFOPLIST_FILE = TubeClientTests/Info.plist;
				LD_RUNPATH_SEARCH_PATHS = "$(inherited) @executable_path/Frameworks @loader_path/Frameworks";
				PRODUCT_BUNDLE_IDENTIFIER = com.ddesna.TubeClientTests;
				PRODUCT_NAME = "$(TARGET_NAME)";
				TEST_HOST = "$(BUILT_PRODUCTS_DIR)/TubeClient.app/TubeClient";
			};
			name = Release;
		};
/* End XCBuildConfiguration section */

/* Begin XCConfigurationList section */
		335361491BC9B16000027204 /* Build configuration list for PBXProject "TubeClient" */ = {
			isa = XCConfigurationList;
			buildConfigurations = (
				3353616B1BC9B16100027204 /* Debug */,
				3353616C1BC9B16100027204 /* Release */,
			);
			defaultConfigurationIsVisible = 0;
			defaultConfigurationName = Release;
		};
		3353616D1BC9B16100027204 /* Build configuration list for PBXNativeTarget "TubeClient" */ = {
			isa = XCConfigurationList;
			buildConfigurations = (
				3353616E1BC9B16100027204 /* Debug */,
				3353616F1BC9B16100027204 /* Release */,
			);
			defaultConfigurationIsVisible = 0;
			defaultConfigurationName = Release;
		};
		335361701BC9B16100027204 /* Build configuration list for PBXNativeTarget "TubeClientTests" */ = {
			isa = XCConfigurationList;
			buildConfigurations = (
				335361711BC9B16100027204 /* Debug */,
				335361721BC9B16100027204 /* Release */,
			);
			defaultConfigurationIsVisible = 0;
			defaultConfigurationName = Release;
		};
/* End XCConfigurationList section */
	};
	rootObject = 335361461BC9B16000027204 /* Project object */;
}
